lockfileVersion: '9.0'

settings:
  autoInstallPeers: true
  excludeLinksFromLockfile: false

importers:

  .:
    dependencies:
      '@deepseek-ai/dsh-tools':
        specifier: ^0.1.5-rc.1
        version: 0.1.5-rc.2(7f9e302786cf21e030eafe960666842c)
    devDependencies:
      '@types/node':
        specifier: ^22.0.0
        version: 22.20.1
      jsdom:
        specifier: ^27.0.0
        version: 27.4.0
      typescript:
        specifier: ^5.7.0
        version: 5.9.3

packages:

  '@acemir/cssom@0.9.31':
    resolution: {integrity: sha512-ZnR3GSaH+/vJ0YlHau21FjfLYjMpYVIzTD8M8vIEQvIGxeOXyXdzCI140rrCY862p/C/BbzWsjc1dgnM9mkoTA==}

  '@asamuzakjp/css-color@4.1.2':
    resolution: {integrity: sha512-NfBUvBaYgKIuq6E/RBLY1m0IohzNHAYyaJGuTK79Z23uNwmz2jl1mPsC5ZxCCxylinKhT1Amn5oNTlx1wN8cQg==}

  '@asamuzakjp/dom-selector@6.8.1':
    resolution: {integrity: sha512-MvRz1nCqW0fsy8Qz4dnLIvhOlMzqDVBabZx6lH+YywFDdjXhMY37SmpV1XFX3JzG5GWHn63j6HX6QPr3lZXHvQ==}

  '@asamuzakjp/nwsapi@2.3.9':
    resolution: {integrity: sha512-n8GuYSrI9bF7FFZ/SjhwevlHc8xaVlb/7HmHelnc/PZXBD2ZR49NnN9sMMuDdEGPeeRQ5d0hqlSlEpgCX3Wl0Q==}

  '@csstools/color-helpers@6.1.1':
    resolution: {integrity: sha512-gLNsunvwf3mCi5u5o46/Z/JcJMnhbHSaZ69rkgPzNM3J4s8hWwpPUQB6/tt0EDFyCiWzxANlx+2LJwpYj4zS1w==}
    engines: {node: '>=20.19.0'}

  '@csstools/css-calc@3.3.0':
    resolution: {integrity: sha512-c5ihYsPkdG6JCkU2zTMm4+k6r7RXuGxtWYhu5DHMIiF1FHzrfmHL5so11AoFpUv/tu61xfcmT4AmKoFfMPoqdQ==}
    engines: {node: '>=20.19.0'}
    peerDependencies:
      '@csstools/css-parser-algorithms': ^4.0.0
      '@csstools/css-tokenizer': ^4.0.0

  '@csstools/css-color-parser@4.2.2':
    resolution: {integrity: sha512-3QKjR/vxyjcSXBLgb6lP0S3MGdvwbmqSsvLPbYdVORqPDc8FX1HAJ0Spk38bxaRXgvENTA47tlhhbb5Z2e8hEg==}
    engines: {node: '>=20.19.0'}
    peerDependencies:
      '@csstools/css-parser-algorithms': ^4.0.0
      '@csstools/css-tokenizer': ^4.0.0

  '@csstools/css-parser-algorithms@4.0.0':
    resolution: {integrity: sha512-+B87qS7fIG3L5h3qwJ/IFbjoVoOe/bpOdh9hAjXbvx0o8ImEmUsGXN0inFOnk2ChCFgqkkGFQ+TpM5rbhkKe4w==}
    engines: {node: '>=20.19.0'}
    peerDependencies:
      '@csstools/css-tokenizer': ^4.0.0

  '@csstools/css-syntax-patches-for-csstree@1.1.13':
    resolution: {integrity: sha512-i9ZylF5QNhmNfPA9l0vHAWK4kPrbIp6g9lKgaiIFsIBz2F/WNB7OLrzlNNcCOm+h42bkaSD2v1PG+IBPHhc3ZA==}
    peerDependencies:
      css-tree: ^3.2.1
    peerDependenciesMeta:
      css-tree:
        optional: true

  '@csstools/css-tokenizer@4.0.0':
    resolution: {integrity: sha512-QxULHAm7cNu72w97JUNCBFODFaXpbDg+dP8b/oWFAZ2MTRppA3U00Y2L1HqaS4J6yBqxwa/Y3nMBaxVKbB/NsA==}
    engines: {node: '>=20.19.0'}

  '@deepseek-ai/cordis@4.0.2':
    resolution: {integrity: sha512-asOnXP1TzFSFQlHb1iegDZp0z/8WD1c7YNrwJR/Tx2bzNuMXfcekE/I67Iv6SQXeLB4csxqCngzQKANP7gdw0g==}
    hasBin: true
    peerDependencies:
      '@deepseek-ai/cordis-plugin-include': ^1.0.7
      '@deepseek-ai/cordis-plugin-loader': ^1.0.3
    peerDependenciesMeta:
      '@deepseek-ai/cordis-plugin-include':
        optional: true
      '@deepseek-ai/cordis-plugin-loader':
        optional: true

  '@deepseek-ai/cosmokit@1.8.3':
    resolution: {integrity: sha512-qBo+ronVM6Eu2WNVJXi8JcMiqZ19T9BRIpV+5qJUFPXjGH/Z0QKcQMC/IZJ7L394YTOtJgcovbk9qP0w2GsBXQ==}

  '@deepseek-ai/dsh-agent@0.1.5-rc.2':
    resolution: {integrity: sha512-SlUL1riZmVLwMUR3jo9CP/R1cxov9dHkCJDh6JQW3fSZJVCIdPygBRlAweCUDvHxAEmPpFHxE/U3NmSUbX+vQQ==}
    peerDependencies:
      '@deepseek-ai/cordis': ^4.0.2
      '@deepseek-ai/dsh-invariants': ^0.1.5-rc.2
      '@deepseek-ai/dsh-llm': ^0.1.5-rc.2
      '@deepseek-ai/dsh-scope': ^0.1.5-rc.2
      '@deepseek-ai/dsh-session': ^0.1.5-rc.2
      '@deepseek-ai/dsh-session-projection': ^0.1.5-rc.2
      '@deepseek-ai/dsh-system-prompt': ^0.1.5-rc.2
      '@deepseek-ai/dsh-typert-protocol': ^0.1.5-rc.2
      '@deepseek-ai/dsh-util-values': ^0.1.5-rc.2

  '@deepseek-ai/dsh-brand@0.1.5-rc.2':
    resolution: {integrity: sha512-/+3TzQRYT4M8NINZ9OrsL5VWNyQSXof8mFLx3txiosWA7Bt0H6UcxUdKGXVwj6gCXhsQ74mzEHm2ucsflG0mYA==}
    peerDependencies:
      '@deepseek-ai/cordis': ^4.0.2

  '@deepseek-ai/dsh-code-runtime@0.1.5-rc.2':
    resolution: {integrity: sha512-qex3bvQNBkv1eapi8iTyNq+c52q1kxfdv5+8Nkswv4/kwrkvcDa4n4iiCbEgKS+K5U4DiVIprnyIv8Nx7il7Nw==}
    peerDependencies:
      '@deepseek-ai/cordis': ^4.0.2

  '@deepseek-ai/dsh-invariants@0.1.5-rc.2':
    resolution: {integrity: sha512-oUxttB2yjAgkk47AiXOCxk9GwnfGvIEGsQfnMD7fukwIdD3KLJObU7+nz63tbFN80rjwMI8rg+p9QBQ10KU5+g==}
    peerDependencies:
      '@deepseek-ai/cordis': ^4.0.2

  '@deepseek-ai/dsh-llm@0.1.5-rc.2':
    resolution: {integrity: sha512-Z7BVsBkK24SE4EItQeow8PHms/9GP0DSTi337vTAa/RY7tNg2Snz3INcXUj6CPZfvntQr1in9op9wLI+rfNsqA==}
    peerDependencies:
      '@deepseek-ai/cordis': ^4.0.2

  '@deepseek-ai/dsh-scope@0.1.5-rc.2':
    resolution: {integrity: sha512-JwItISje52iVIjlGMNayRVMZrvZU/0i3Gr0s+coND5nBp5lS+pOj9Zf1RQzA5cWjHYCWKmDuQc+m6zGlwmtAeQ==}
    peerDependencies:
      '@deepseek-ai/cordis': ^4.0.2
      '@deepseek-ai/dsh-invariants': ^0.1.5-rc.2

  '@deepseek-ai/dsh-session-projection@0.1.5-rc.2':
    resolution: {integrity: sha512-WMXGBdbxD1FO1Eu7Qs2FKDXq/kl+z+5b7zGLHdra66eEnShSnQmdF9bXSFQu1sJwba2yF7ueMcBJpWy76gtgQQ==}
    peerDependencies:
      '@deepseek-ai/cordis': ^4.0.2
      '@deepseek-ai/dsh-session': ^0.1.5-rc.2

  '@deepseek-ai/dsh-session@0.1.5-rc.2':
    resolution: {integrity: sha512-y+klWiGAWR4m4cc4ylurA0cW63673B4N8cr2ANMimweDZAfxL4XVBC7WiD/5DT2DtIhYmVZhz/niyS/WbniUTA==}
    peerDependencies:
      '@deepseek-ai/cordis': ^4.0.2
      '@deepseek-ai/dsh-scope': ^0.1.5-rc.2

  '@deepseek-ai/dsh-system-prompt@0.1.5-rc.2':
    resolution: {integrity: sha512-VtmZVKqBMJ7kzskHu0jY+Jth7jSuKMG8QB3MBPzJe9M0LL4YPMWsGKt9gGky9RXolk/ugAy4YZEv1gUqouVofA==}
    peerDependencies:
      '@deepseek-ai/cordis': ^4.0.2
      '@deepseek-ai/dsh-invariants': ^0.1.5-rc.2
      '@deepseek-ai/dsh-llm': ^0.1.5-rc.2
      '@deepseek-ai/dsh-scope': ^0.1.5-rc.2

  '@deepseek-ai/dsh-timeout@0.1.5-rc.2':
    resolution: {integrity: sha512-FgfaAw8Zt5X4Y6Ljh833B8Hy7h96FeR+yjNKI3iSyZSqREqOBgvDGXFfQlSu6V3Buvw/cbI/CJUQJvfRBKXOiA==}
    peerDependencies:
      '@deepseek-ai/cordis': ^4.0.2

  '@deepseek-ai/dsh-tools@0.1.5-rc.2':
    resolution: {integrity: sha512-k2yZuJJtszaU9lzr2aBtdeFMINrkdlk4ellbtrMokA2oySVqJmAM8dv+u9RtzduD3aRRqyr2i2hWrTACz0qOrA==}
    peerDependencies:
      '@deepseek-ai/cordis': ^4.0.2
      '@deepseek-ai/dsh-agent': ^0.1.5-rc.2
      '@deepseek-ai/dsh-code-runtime': ^0.1.5-rc.2
      '@deepseek-ai/dsh-invariants': ^0.1.5-rc.2
      '@deepseek-ai/dsh-llm': ^0.1.5-rc.2
      '@deepseek-ai/dsh-scope': ^0.1.5-rc.2
      '@deepseek-ai/dsh-session': ^0.1.5-rc.2
      '@deepseek-ai/dsh-system-prompt': ^0.1.5-rc.2
      '@deepseek-ai/dsh-user-approval': ^0.1.5-rc.2

  '@deepseek-ai/dsh-typert-protocol@0.1.5-rc.2':
    resolution: {integrity: sha512-zP8J20rBXa1AFjKL2i83JBeQcePZx8yal3pNojj4t7CCokMcoFMUbr50woa6fY1tRJ7qHxgypO3rH8Q6YWgmiA==}
    peerDependencies:
      '@deepseek-ai/cordis': ^4.0.2

  '@deepseek-ai/dsh-user-approval@0.1.5-rc.2':
    resolution: {integrity: sha512-8UpMEnEyMo6mYEVELBo0DC2iG7aJJfFMTNkU+DKD3c5Ut7ySRDzt1iRr1qni/CzqlTIpQBAkGaG77qk4q/v1bg==}
    peerDependencies:
      '@deepseek-ai/cordis': ^4.0.2
      '@deepseek-ai/dsh-agent': ^0.1.5-rc.2
      '@deepseek-ai/dsh-brand': ^0.1.5-rc.2
      '@deepseek-ai/dsh-invariants': ^0.1.5-rc.2
      '@deepseek-ai/dsh-llm': ^0.1.5-rc.2
      '@deepseek-ai/dsh-scope': ^0.1.5-rc.2
      '@deepseek-ai/dsh-session': ^0.1.5-rc.2
      '@deepseek-ai/dsh-system-prompt': ^0.1.5-rc.2

  '@deepseek-ai/dsh-util-crypto@0.1.5-rc.2':
    resolution: {integrity: sha512-JR0aJEUL35RE8FVT89wMZMbPwMrbkjNcy+gE9pq70d/m2Zxw3a0iNer+BAxPAKYPbmy0xDDXReTwXiecKVy4sQ==}
    peerDependencies:
      '@deepseek-ai/cordis': ^4.0.2

  '@deepseek-ai/dsh-util-values@0.1.5-rc.2':
    resolution: {integrity: sha512-Cr0TkM6dFAD+Iy4sNXH/afJVMHwJXoOztivj+RflkYoACsOq+Ix0vdHn36hwW7mayU8OK3ZKIZUQ6BPo1fHvUg==}
    peerDependencies:
      '@deepseek-ai/cordis': ^4.0.2

  '@deepseek-ai/schemastery@3.18.2':
    resolution: {integrity: sha512-njDtZsznjYxok7KLLlHOPyuv2efdWVbSflAHgztSfbMsg+CVraEoRe2DjOCgClYv3ZCSm7WXoaUkbB/+RY7tWQ==}

  '@exodus/bytes@1.15.1':
    resolution: {integrity: sha512-S6mL0yNB/Abt9Ei4tq8gDhcczc4S3+vQ4ra7vxnAf+YHC02srtqxKKZghx2Dq6p0e66THKwR6r8N6P95wEty7Q==}
    engines: {node: ^20.19.0 || ^22.12.0 || >=24.0.0}
    peerDependencies:
      '@noble/hashes': ^1.8.0 || ^2.0.0
    peerDependenciesMeta:
      '@noble/hashes':
        optional: true

  '@standard-schema/spec@1.1.0':
    resolution: {integrity: sha512-l2aFy5jALhniG5HgqrD6jXLi/rUWrKvqN/qJx6yoJsgKhblVd+iqqU4RCXavm/jPityDo5TCvKMnpjKnOriy0w==}

  '@types/node@22.20.1':
    resolution: {integrity: sha512-EANqOCF9QFyra+4pfxUcX9STKJpCLjMbObVzljIJomAWSnuSIEAvyzEU53GaajbXJEgdh0iEcPL+DGvpUd4k1Q==}

  agent-base@7.1.4:
    resolution: {integrity: sha512-MnA+YT8fwfJPgBx3m60MNqakm30XOkyIoH1y6huTQvC0PwZG7ki8NacLBcrPbNoo8vEZy7Jpuk7+jMO+CUovTQ==}
    engines: {node: '>= 14'}

  bidi-js@1.1.0:
    resolution: {integrity: sha512-fX1Onk0tdVPC7obPWB5EbJ1z7NVhLq4m2xZLq2YXBkxzMXIGRpNMU88n0EPgWseKl12J7zXs7qrDxPK4sRs2fg==}

  css-tree@3.2.1:
    resolution: {integrity: sha512-X7sjQzceUhu1u7Y/ylrRZFU2FS6LRiFVp6rKLPg23y3x3c3DOKAwuXGDp+PAGjh6CSnCjYeAul8pcT8bAl+lSA==}
    engines: {node: ^10 || ^12.20.0 || ^14.13.0 || >=15.0.0}

  cssstyle@5.3.7:
    resolution: {integrity: sha512-7D2EPVltRrsTkhpQmksIu+LxeWAIEk6wRDMJ1qljlv+CKHJM+cJLlfhWIzNA44eAsHXSNe3+vO6DW1yCYx8SuQ==}
    engines: {node: '>=20'}

  data-urls@6.0.1:
    resolution: {integrity: sha512-euIQENZg6x8mj3fO6o9+fOW8MimUI4PpD/fZBhJfeioZVy9TUpM4UY7KjQNVZFlqwJ0UdzRDzkycB997HEq1BQ==}
    engines: {node: '>=20'}

  debug@4.4.3:
    resolution: {integrity: sha512-RGwwWnwQvkVfavKVt22FGLw+xYSdzARwm0ru6DhTVA3umU5hZc28V3kO4stgYryrTlLpuvgI9GiijltAjNbcqA==}
    engines: {node: '>=6.0'}
    peerDependencies:
      supports-color: '*'
    peerDependenciesMeta:
      supports-color:
        optional: true

  decimal.js@10.6.0:
    resolution: {integrity: sha512-YpgQiITW3JXGntzdUmyUR1V812Hn8T1YVXhCu+wO3OpS4eU9l4YdD3qjyiKdV6mvV29zapkMeD390UVEf2lkUg==}

  entities@8.1.0:
    resolution: {integrity: sha512-kxL7msIffSuh9aaFAMD7rxAIuTRMAHMeBtgHW2yUdWw732ZNh4MehkF2gdjvtdmikkaIP9bFDDJOPlsvm7avrA==}
    engines: {node: '>=20.19.0'}

  html-encoding-sniffer@6.0.0:
    resolution: {integrity: sha512-CV9TW3Y3f8/wT0BRFc1/KAVQ3TUHiXmaAb6VW9vtiMFf7SLoMd1PdAc4W3KFOFETBJUb90KatHqlsZMWV+R9Gg==}
    engines: {node: ^20.19.0 || ^22.12.0 || >=24.0.0}

  http-proxy-agent@7.0.2:
    resolution: {integrity: sha512-T1gkAiYYDWYx3V5Bmyu7HcfcvL7mUrTWiM6yOfa3PIphViJ/gFPbvidQ+veqSOHci/PxBcDabeUNCzpOODJZig==}
    engines: {node: '>= 14'}

  https-proxy-agent@7.0.6:
    resolution: {integrity: sha512-vK9P5/iUfdl95AI+JVyUuIcVtd4ofvtrOr3HNtM2yxC9bnMbEdp3x01OhQNnjb8IJYi38VlTE3mBXwcfvywuSw==}
    engines: {node: '>= 14'}

  is-potential-custom-element-name@1.0.1:
    resolution: {integrity: sha512-bCYeRA2rVibKZd+s2625gGnGF/t7DSqDs4dP7CrLA1m7jKWz6pps0LpYLJN8Q64HtmPKJ1hrN3nzPNKFEKOUiQ==}

  jsdom@27.4.0:
    resolution: {integrity: sha512-mjzqwWRD9Y1J1KUi7W97Gja1bwOOM5Ug0EZ6UDK3xS7j7mndrkwozHtSblfomlzyB4NepioNt+B2sOSzczVgtQ==}
    engines: {node: ^20.19.0 || ^22.12.0 || >=24.0.0}
    peerDependencies:
      canvas: ^3.0.0
    peerDependenciesMeta:
      canvas:
        optional: true

  lru-cache@11.5.2:
    resolution: {integrity: sha512-4pfM1Ff0x50o0tQwb5ucw/RzNyD0/YJME6IVcStalZuMWxdt3sR3huStTtxz4PUmvZfRguvDejasvQ2kifR11g==}
    engines: {node: 20 || >=22}

  mdn-data@2.27.1:
    resolution: {integrity: sha512-9Yubnt3e8A0OKwxYSXyhLymGW4sCufcLG6VdiDdUGVkPhpqLxlvP5vl1983gQjJl3tqbrM731mjaZaP68AgosQ==}

  ms@2.1.3:
    resolution: {integrity: sha512-6FlzubTLZG3J2a/NVCAleEhjzq5oxgHyaCU9yYXvcLsvoVaHJq/s5xXI6/XXP6tz7R9xAOtHnSO/tXtF3WRTlA==}

  parse5@8.0.1:
    resolution: {integrity: sha512-z1e/HMG90obSGeidlli3hj7cbocou0/wa5HacvI3ASx34PecNjNQeaHNo5WIZpWofN9kgkqV1q5YvXe3F0FoPw==}

  punycode@2.3.1:
    resolution: {integrity: sha512-vYt7UD1U9Wg6138shLtLOvdAu+8DsC/ilFtEVHcH+wydcSpNE20AfSOduf6MkRFahL5FY7X1oU7nKVZFtfq8Fg==}
    engines: {node: '>=6'}

  require-from-string@2.0.2:
    resolution: {integrity: sha512-Xf0nWe6RseziFMu+Ap9biiUbmplq6S9/p+7w7YXP/JBHhrUDDUhwa+vANyubuqfZWTveU//DYVGsDG7RKL/vEw==}
    engines: {node: '>=0.10.0'}

  saxes@6.0.0:
    resolution: {integrity: sha512-xAg7SOnEhrm5zI3puOOKyy1OMcMlIJZYNJY7xLBwSze0UjhPLnWfj2GF2EpT0jmzaJKIWKHLsaSSajf35bcYnA==}
    engines: {node: '>=v12.22.7'}

  source-map-js@1.2.1:
    resolution: {integrity: sha512-UXWMKhLOwVKb728IUtQPXxfYU+usdybtUrK/8uGE8CQMvrhOpwvzDBwj0QhSL7MQc7vIsISBG8VQ8+IDQxpfQA==}
    engines: {node: '>=0.10.0'}

  symbol-tree@3.2.4:
    resolution: {integrity: sha512-9QNk5KwDF+Bvz+PyObkmSYjI5ksVUYtjW7AU22r2NKcfLJcXp96hkDWU3+XndOsUb+AQ9QhfzfCT2O+CNWT5Tw==}

  tldts-core@7.4.12:
    resolution: {integrity: sha512-nYNzS2WRf4QJmjzFFgAxLOBjyBxAGRbCy9PVBPaglcYyYajh40VBn+v5Ngr96ZMc7oM0+aCJdtQnNejvdBnXMQ==}

  tldts@7.4.12:
    resolution: {integrity: sha512-WylhSDKVeYnWXL3a+vKTaOxjnOeEGw938hImY8zoRWJjRRK/Jp1K+IihBzIONpUmW4e3WmXT6q5FW6vlESVZCA==}
    hasBin: true

  tough-cookie@6.0.2:
    resolution: {integrity: sha512-exgYmnmL/sJpR3upZfXG5PoatXQii55xAiXGXzY+sROLZ/Y+SLcp9PgJNI9Vz37HpQ74WvDcLT8eqm+kV3FzrA==}
    engines: {node: '>=16'}

  tr46@6.0.0:
    resolution: {integrity: sha512-bLVMLPtstlZ4iMQHpFHTR7GAGj2jxi8Dg0s2h2MafAE4uSWF98FC/3MomU51iQAMf8/qDUbKWf5GxuvvVcXEhw==}
    engines: {node: '>=20'}

  typescript@5.9.3:
    resolution: {integrity: sha512-jl1vZzPDinLr9eUt3J/t7V6FgNEw9QjvBPdysz9KfQDD41fQrC2Y4vKQdiaUpFT4bXlb1RHhLpp8wtm6M5TgSw==}
    engines: {node: '>=14.17'}
    hasBin: true

  undici-types@6.21.0:
    resolution: {integrity: sha512-iwDZqg0QAGrg9Rav5H4n0M64c3mkR59cJ6wQp+7C4nI0gsmExaedaYLNO44eT4AtBBwjbTiGPMlt2Md0T9H9JQ==}

  w3c-xmlserializer@5.0.0:
    resolution: {integrity: sha512-o8qghlI8NZHU1lLPrpi2+Uq7abh4GGPpYANlalzWxyWteJOCsr/P+oPBA49TOLu5FTZO4d3F9MnWJfiMo4BkmA==}
    engines: {node: '>=18'}

  webidl-conversions@8.0.1:
    resolution: {integrity: sha512-BMhLD/Sw+GbJC21C/UgyaZX41nPt8bUTg+jWyDeg7e7YN4xOM05YPSIXceACnXVtqyEw/LMClUQMtMZ+PGGpqQ==}
    engines: {node: '>=20'}

  whatwg-mimetype@4.0.0:
    resolution: {integrity: sha512-QaKxh0eNIi2mE9p2vEdzfagOKHCcj1pJ56EEHGQOVxp8r9/iszLUUV7v89x9O1p/T+NlTM5W7jW6+cz4Fq1YVg==}
    engines: {node: '>=18'}

  whatwg-mimetype@5.0.0:
    resolution: {integrity: sha512-sXcNcHOC51uPGF0P/D4NVtrkjSU2fNsm9iog4ZvZJsL3rjoDAzXZhkm2MWt1y+PUdggKAYVoMAIYcs78wJ51Cw==}
    engines: {node: '>=20'}

  whatwg-url@15.1.0:
    resolution: {integrity: sha512-2ytDk0kiEj/yu90JOAp44PVPUkO9+jVhyf+SybKlRHSDlvOOZhdPIrr7xTH64l4WixO2cP+wQIcgujkGBPPz6g==}
    engines: {node: '>=20'}

  ws@8.21.3:
    resolution: {integrity: sha512-201TZ/kPWxoPr/OKWjquZR1SWKXcvxdH+e1xrx89b3YbmzLMFCLfnaG1HFIgWzJOEWZ7MvpK++odZufgYR50Rw==}
    engines: {node: '>=10.0.0'}
    peerDependencies:
      bufferutil: ^4.0.1
      utf-8-validate: '>=5.0.2'
    peerDependenciesMeta:
      bufferutil:
        optional: true
      utf-8-validate:
        optional: true

  xml-name-validator@5.0.0:
    resolution: {integrity: sha512-EvGK8EJ3DhaHfbRlETOWAS5pO9MZITeauHKJyb8wyajUfQUenkIg2MvLDTZ4T/TgIcm3HU0TFBgWWboAZ30UHg==}
    engines: {node: '>=18'}

  xmlchars@2.2.0:
    resolution: {integrity: sha512-JZnDKK8B0RCDw84FNdDAIpZK+JuJw+s7Lz8nksI7SIuU3UXJJslUthsi+uWBUYOwPFwW7W7PRLRfUKpxjtjFCw==}

  zod@4.5.4:
    resolution: {integrity: sha512-sC95tT5iHHH9gtpj6A81kh+NEaRAUFN+qlUPDUbRfOMvNf5QCBqsb3WgvnpVtK5Y+4UfA6KqufotuTvMGiTlsA==}

snapshots:

  '@acemir/cssom@0.9.31': {}

  '@asamuzakjp/css-color@4.1.2':
    dependencies:
      '@csstools/css-calc': 3.3.0(@csstools/css-parser-algorithms@4.0.0(@csstools/css-tokenizer@4.0.0))(@csstools/css-tokenizer@4.0.0)
      '@csstools/css-color-parser': 4.2.2(@csstools/css-parser-algorithms@4.0.0(@csstools/css-tokenizer@4.0.0))(@csstools/css-tokenizer@4.0.0)
      '@csstools/css-parser-algorithms': 4.0.0(@csstools/css-tokenizer@4.0.0)
      '@csstools/css-tokenizer': 4.0.0
      lru-cache: 11.5.2

  '@asamuzakjp/dom-selector@6.8.1':
    dependencies:
      '@asamuzakjp/nwsapi': 2.3.9
      bidi-js: 1.1.0
      css-tree: 3.2.1
      is-potential-custom-element-name: 1.0.1
      lru-cache: 11.5.2

  '@asamuzakjp/nwsapi@2.3.9': {}

  '@csstools/color-helpers@6.1.1': {}

  '@csstools/css-calc@3.3.0(@csstools/css-parser-algorithms@4.0.0(@csstools/css-tokenizer@4.0.0))(@csstools/css-tokenizer@4.0.0)':
    dependencies:
      '@csstools/css-parser-algorithms': 4.0.0(@csstools/css-tokenizer@4.0.0)
      '@csstools/css-tokenizer': 4.0.0

  '@csstools/css-color-parser@4.2.2(@csstools/css-parser-algorithms@4.0.0(@csstools/css-tokenizer@4.0.0))(@csstools/css-tokenizer@4.0.0)':
    dependencies:
      '@csstools/color-helpers': 6.1.1
      '@csstools/css-calc': 3.3.0(@csstools/css-parser-algorithms@4.0.0(@csstools/css-tokenizer@4.0.0))(@csstools/css-tokenizer@4.0.0)
      '@csstools/css-parser-algorithms': 4.0.0(@csstools/css-tokenizer@4.0.0)
      '@csstools/css-tokenizer': 4.0.0

  '@csstools/css-parser-algorithms@4.0.0(@csstools/css-tokenizer@4.0.0)':
    dependencies:
      '@csstools/css-tokenizer': 4.0.0

  '@csstools/css-syntax-patches-for-csstree@1.1.13(css-tree@3.2.1)':
    optionalDependencies:
      css-tree: 3.2.1

  '@csstools/css-tokenizer@4.0.0': {}

  '@deepseek-ai/cordis@4.0.2':
    dependencies:
      '@deepseek-ai/cosmokit': 1.8.3
      '@standard-schema/spec': 1.1.0

  '@deepseek-ai/cosmokit@1.8.3': {}

  '@deepseek-ai/dsh-agent@0.1.5-rc.2(6df6622855b87cb7fde1fe609a6d039a)':
    dependencies:
      '@deepseek-ai/cordis': 4.0.2
      '@deepseek-ai/dsh-invariants': 0.1.5-rc.2(@deepseek-ai/cordis@4.0.2)
      '@deepseek-ai/dsh-llm': 0.1.5-rc.2(@deepseek-ai/cordis@4.0.2)
      '@deepseek-ai/dsh-scope': 0.1.5-rc.2(@deepseek-ai/cordis@4.0.2)(@deepseek-ai/dsh-invariants@0.1.5-rc.2(@deepseek-ai/cordis@4.0.2))
      '@deepseek-ai/dsh-session': 0.1.5-rc.2(@deepseek-ai/cordis@4.0.2)(@deepseek-ai/dsh-scope@0.1.5-rc.2(@deepseek-ai/cordis@4.0.2)(@deepseek-ai/dsh-invariants@0.1.5-rc.2(@deepseek-ai/cordis@4.0.2)))
      '@deepseek-ai/dsh-session-projection': 0.1.5-rc.2(@deepseek-ai/cordis@4.0.2)(@deepseek-ai/dsh-session@0.1.5-rc.2(@deepseek-ai/cordis@4.0.2)(@deepseek-ai/dsh-scope@0.1.5-rc.2(@deepseek-ai/cordis@4.0.2)(@deepseek-ai/dsh-invariants@0.1.5-rc.2(@deepseek-ai/cordis@4.0.2))))
      '@deepseek-ai/dsh-system-prompt': 0.1.5-rc.2(@deepseek-ai/cordis@4.0.2)(@deepseek-ai/dsh-invariants@0.1.5-rc.2(@deepseek-ai/cordis@4.0.2))(@deepseek-ai/dsh-llm@0.1.5-rc.2(@deepseek-ai/cordis@4.0.2))(@deepseek-ai/dsh-scope@0.1.5-rc.2(@deepseek-ai/cordis@4.0.2)(@deepseek-ai/dsh-invariants@0.1.5-rc.2(@deepseek-ai/cordis@4.0.2)))
      '@deepseek-ai/dsh-typert-protocol': 0.1.5-rc.2(@deepseek-ai/cordis@4.0.2)
      '@deepseek-ai/dsh-util-values': 0.1.5-rc.2(@deepseek-ai/cordis@4.0.2)

  '@deepseek-ai/dsh-brand@0.1.5-rc.2(@deepseek-ai/cordis@4.0.2)':
    dependencies:
      '@deepseek-ai/cordis': 4.0.2

  '@deepseek-ai/dsh-code-runtime@0.1.5-rc.2(@deepseek-ai/cordis@4.0.2)':
    dependencies:
      '@deepseek-ai/cordis': 4.0.2

  '@deepseek-ai/dsh-invariants@0.1.5-rc.2(@deepseek-ai/cordis@4.0.2)':
    dependencies:
      '@deepseek-ai/cordis': 4.0.2
      '@deepseek-ai/schemastery': 3.18.2

  '@deepseek-ai/dsh-llm@0.1.5-rc.2(@deepseek-ai/cordis@4.0.2)':
    dependencies:
      '@deepseek-ai/cordis': 4.0.2
      '@deepseek-ai/dsh-brand': 0.1.5-rc.2(@deepseek-ai/cordis@4.0.2)
      '@deepseek-ai/dsh-timeout': 0.1.5-rc.2(@deepseek-ai/cordis@4.0.2)
      '@deepseek-ai/dsh-typert-protocol': 0.1.5-rc.2(@deepseek-ai/cordis@4.0.2)
      '@deepseek-ai/dsh-util-crypto': 0.1.5-rc.2(@deepseek-ai/cordis@4.0.2)
      '@deepseek-ai/dsh-util-values': 0.1.5-rc.2(@deepseek-ai/cordis@4.0.2)
      '@deepseek-ai/schemastery': 3.18.2
      zod: 4.5.4

  '@deepseek-ai/dsh-scope@0.1.5-rc.2(@deepseek-ai/cordis@4.0.2)(@deepseek-ai/dsh-invariants@0.1.5-rc.2(@deepseek-ai/cordis@4.0.2))':
    dependencies:
      '@deepseek-ai/cordis': 4.0.2
      '@deepseek-ai/dsh-invariants': 0.1.5-rc.2(@deepseek-ai/cordis@4.0.2)

  '@deepseek-ai/dsh-session-projection@0.1.5-rc.2(@deepseek-ai/cordis@4.0.2)(@deepseek-ai/dsh-session@0.1.5-rc.2(@deepseek-ai/cordis@4.0.2)(@deepseek-ai/dsh-scope@0.1.5-rc.2(@deepseek-ai/cordis@4.0.2)(@deepseek-ai/dsh-invariants@0.1.5-rc.2(@deepseek-ai/cordis@4.0.2))))':
    dependencies:
      '@deepseek-ai/cordis': 4.0.2
      '@deepseek-ai/dsh-session': 0.1.5-rc.2(@deepseek-ai/cordis@4.0.2)(@deepseek-ai/dsh-scope@0.1.5-rc.2(@deepseek-ai/cordis@4.0.2)(@deepseek-ai/dsh-invariants@0.1.5-rc.2(@deepseek-ai/cordis@4.0.2)))
      zod: 4.5.4

  '@deepseek-ai/dsh-session@0.1.5-rc.2(@deepseek-ai/cordis@4.0.2)(@deepseek-ai/dsh-scope@0.1.5-rc.2(@deepseek-ai/cordis@4.0.2)(@deepseek-ai/dsh-invariants@0.1.5-rc.2(@deepseek-ai/cordis@4.0.2)))':
    dependencies:
      '@deepseek-ai/cordis': 4.0.2
      '@deepseek-ai/dsh-brand': 0.1.5-rc.2(@deepseek-ai/cordis@4.0.2)
      '@deepseek-ai/dsh-llm': 0.1.5-rc.2(@deepseek-ai/cordis@4.0.2)
      '@deepseek-ai/dsh-scope': 0.1.5-rc.2(@deepseek-ai/cordis@4.0.2)(@deepseek-ai/dsh-invariants@0.1.5-rc.2(@deepseek-ai/cordis@4.0.2))
      '@deepseek-ai/dsh-util-values': 0.1.5-rc.2(@deepseek-ai/cordis@4.0.2)

  '@deepseek-ai/dsh-system-prompt@0.1.5-rc.2(@deepseek-ai/cordis@4.0.2)(@deepseek-ai/dsh-invariants@0.1.5-rc.2(@deepseek-ai/cordis@4.0.2))(@deepseek-ai/dsh-llm@0.1.5-rc.2(@deepseek-ai/cordis@4.0.2))(@deepseek-ai/dsh-scope@0.1.5-rc.2(@deepseek-ai/cordis@4.0.2)(@deepseek-ai/dsh-invariants@0.1.5-rc.2(@deepseek-ai/cordis@4.0.2)))':
    dependencies:
      '@deepseek-ai/cordis': 4.0.2
      '@deepseek-ai/dsh-invariants': 0.1.5-rc.2(@deepseek-ai/cordis@4.0.2)
      '@deepseek-ai/dsh-llm': 0.1.5-rc.2(@deepseek-ai/cordis@4.0.2)
      '@deepseek-ai/dsh-scope': 0.1.5-rc.2(@deepseek-ai/cordis@4.0.2)(@deepseek-ai/dsh-invariants@0.1.5-rc.2(@deepseek-ai/cordis@4.0.2))
      '@deepseek-ai/schemastery': 3.18.2

  '@deepseek-ai/dsh-timeout@0.1.5-rc.2(@deepseek-ai/cordis@4.0.2)':
    dependencies:
      '@deepseek-ai/cordis': 4.0.2

  '@deepseek-ai/dsh-tools@0.1.5-rc.2(7f9e302786cf21e030eafe960666842c)':
    dependencies:
      '@deepseek-ai/cordis': 4.0.2
      '@deepseek-ai/dsh-agent': 0.1.5-rc.2(6df6622855b87cb7fde1fe609a6d039a)
      '@deepseek-ai/dsh-brand': 0.1.5-rc.2(@deepseek-ai/cordis@4.0.2)
      '@deepseek-ai/dsh-code-runtime': 0.1.5-rc.2(@deepseek-ai/cordis@4.0.2)
      '@deepseek-ai/dsh-invariants': 0.1.5-rc.2(@deepseek-ai/cordis@4.0.2)
      '@deepseek-ai/dsh-llm': 0.1.5-rc.2(@deepseek-ai/cordis@4.0.2)
      '@deepseek-ai/dsh-scope': 0.1.5-rc.2(@deepseek-ai/cordis@4.0.2)(@deepseek-ai/dsh-invariants@0.1.5-rc.2(@deepseek-ai/cordis@4.0.2))
      '@deepseek-ai/dsh-session': 0.1.5-rc.2(@deepseek-ai/cordis@4.0.2)(@deepseek-ai/dsh-scope@0.1.5-rc.2(@deepseek-ai/cordis@4.0.2)(@deepseek-ai/dsh-invariants@0.1.5-rc.2(@deepseek-ai/cordis@4.0.2)))
      '@deepseek-ai/dsh-system-prompt': 0.1.5-rc.2(@deepseek-ai/cordis@4.0.2)(@deepseek-ai/dsh-invariants@0.1.5-rc.2(@deepseek-ai/cordis@4.0.2))(@deepseek-ai/dsh-llm@0.1.5-rc.2(@deepseek-ai/cordis@4.0.2))(@deepseek-ai/dsh-scope@0.1.5-rc.2(@deepseek-ai/cordis@4.0.2)(@deepseek-ai/dsh-invariants@0.1.5-rc.2(@deepseek-ai/cordis@4.0.2)))
      '@deepseek-ai/dsh-user-approval': 0.1.5-rc.2(@deepseek-ai/cordis@4.0.2)(@deepseek-ai/dsh-agent@0.1.5-rc.2(6df6622855b87cb7fde1fe609a6d039a))(@deepseek-ai/dsh-brand@0.1.5-rc.2(@deepseek-ai/cordis@4.0.2))(@deepseek-ai/dsh-invariants@0.1.5-rc.2(@deepseek-ai/cordis@4.0.2))(@deepseek-ai/dsh-llm@0.1.5-rc.2(@deepseek-ai/cordis@4.0.2))(@deepseek-ai/dsh-scope@0.1.5-rc.2(@deepseek-ai/cordis@4.0.2)(@deepseek-ai/dsh-invariants@0.1.5-rc.2(@deepseek-ai/cordis@4.0.2)))(@deepseek-ai/dsh-session@0.1.5-rc.2(@deepseek-ai/cordis@4.0.2)(@deepseek-ai/dsh-scope@0.1.5-rc.2(@deepseek-ai/cordis@4.0.2)(@deepseek-ai/dsh-invariants@0.1.5-rc.2(@deepseek-ai/cordis@4.0.2))))(@deepseek-ai/dsh-system-prompt@0.1.5-rc.2(@deepseek-ai/cordis@4.0.2)(@deepseek-ai/dsh-invariants@0.1.5-rc.2(@deepseek-ai/cordis@4.0.2))(@deepseek-ai/dsh-llm@0.1.5-rc.2(@deepseek-ai/cordis@4.0.2))(@deepseek-ai/dsh-scope@0.1.5-rc.2(@deepseek-ai/cordis@4.0.2)(@deepseek-ai/dsh-invariants@0.1.5-rc.2(@deepseek-ai/cordis@4.0.2))))
      '@deepseek-ai/dsh-util-values': 0.1.5-rc.2(@deepseek-ai/cordis@4.0.2)
      '@deepseek-ai/schemastery': 3.18.2

  '@deepseek-ai/dsh-typert-protocol@0.1.5-rc.2(@deepseek-ai/cordis@4.0.2)':
    dependencies:
      '@deepseek-ai/cordis': 4.0.2

  '@deepseek-ai/dsh-user-approval@0.1.5-rc.2(@deepseek-ai/cordis@4.0.2)(@deepseek-ai/dsh-agent@0.1.5-rc.2(6df6622855b87cb7fde1fe609a6d039a))(@deepseek-ai/dsh-brand@0.1.5-rc.2(@deepseek-ai/cordis@4.0.2))(@deepseek-ai/dsh-invariants@0.1.5-rc.2(@deepseek-ai/cordis@4.0.2))(@deepseek-ai/dsh-llm@0.1.5-rc.2(@deepseek-ai/cordis@4.0.2))(@deepseek-ai/dsh-scope@0.1.5-rc.2(@deepseek-ai/cordis@4.0.2)(@deepseek-ai/dsh-invariants@0.1.5-rc.2(@deepseek-ai/cordis@4.0.2)))(@deepseek-ai/dsh-session@0.1.5-rc.2(@deepseek-ai/cordis@4.0.2)(@deepseek-ai/dsh-scope@0.1.5-rc.2(@deepseek-ai/cordis@4.0.2)(@deepseek-ai/dsh-invariants@0.1.5-rc.2(@deepseek-ai/cordis@4.0.2))))(@deepseek-ai/dsh-system-prompt@0.1.5-rc.2(@deepseek-ai/cordis@4.0.2)(@deepseek-ai/dsh-invariants@0.1.5-rc.2(@deepseek-ai/cordis@4.0.2))(@deepseek-ai/dsh-llm@0.1.5-rc.2(@deepseek-ai/cordis@4.0.2))(@deepseek-ai/dsh-scope@0.1.5-rc.2(@deepseek-ai/cordis@4.0.2)(@deepseek-ai/dsh-invariants@0.1.5-rc.2(@deepseek-ai/cordis@4.0.2))))':
    dependencies:
      '@deepseek-ai/cordis': 4.0.2
      '@deepseek-ai/dsh-agent': 0.1.5-rc.2(6df6622855b87cb7fde1fe609a6d039a)
      '@deepseek-ai/dsh-brand': 0.1.5-rc.2(@deepseek-ai/cordis@4.0.2)
      '@deepseek-ai/dsh-invariants': 0.1.5-rc.2(@deepseek-ai/cordis@4.0.2)
      '@deepseek-ai/dsh-llm': 0.1.5-rc.2(@deepseek-ai/cordis@4.0.2)
      '@deepseek-ai/dsh-scope': 0.1.5-rc.2(@deepseek-ai/cordis@4.0.2)(@deepseek-ai/dsh-invariants@0.1.5-rc.2(@deepseek-ai/cordis@4.0.2))
      '@deepseek-ai/dsh-session': 0.1.5-rc.2(@deepseek-ai/cordis@4.0.2)(@deepseek-ai/dsh-scope@0.1.5-rc.2(@deepseek-ai/cordis@4.0.2)(@deepseek-ai/dsh-invariants@0.1.5-rc.2(@deepseek-ai/cordis@4.0.2)))
      '@deepseek-ai/dsh-system-prompt': 0.1.5-rc.2(@deepseek-ai/cordis@4.0.2)(@deepseek-ai/dsh-invariants@0.1.5-rc.2(@deepseek-ai/cordis@4.0.2))(@deepseek-ai/dsh-llm@0.1.5-rc.2(@deepseek-ai/cordis@4.0.2))(@deepseek-ai/dsh-scope@0.1.5-rc.2(@deepseek-ai/cordis@4.0.2)(@deepseek-ai/dsh-invariants@0.1.5-rc.2(@deepseek-ai/cordis@4.0.2)))
      '@deepseek-ai/schemastery': 3.18.2

  '@deepseek-ai/dsh-util-crypto@0.1.5-rc.2(@deepseek-ai/cordis@4.0.2)':
    dependencies:
      '@deepseek-ai/cordis': 4.0.2

  '@deepseek-ai/dsh-util-values@0.1.5-rc.2(@deepseek-ai/cordis@4.0.2)':
    dependencies:
      '@deepseek-ai/cordis': 4.0.2

  '@deepseek-ai/schemastery@3.18.2':
    dependencies:
      '@deepseek-ai/cosmokit': 1.8.3
      '@standard-schema/spec': 1.1.0

  '@exodus/bytes@1.15.1': {}

  '@standard-schema/spec@1.1.0': {}

  '@types/node@22.20.1':
    dependencies:
      undici-types: 6.21.0

  agent-base@7.1.4: {}

  bidi-js@1.1.0:
    dependencies:
      require-from-string: 2.0.2

  css-tree@3.2.1:
    dependencies:
      mdn-data: 2.27.1
      source-map-js: 1.2.1

  cssstyle@5.3.7:
    dependencies:
      '@asamuzakjp/css-color': 4.1.2
      '@csstools/css-syntax-patches-for-csstree': 1.1.13(css-tree@3.2.1)
      css-tree: 3.2.1
      lru-cache: 11.5.2

  data-urls@6.0.1:
    dependencies:
      whatwg-mimetype: 5.0.0
      whatwg-url: 15.1.0

  debug@4.4.3:
    dependencies:
      ms: 2.1.3

  decimal.js@10.6.0: {}

  entities@8.1.0: {}

  html-encoding-sniffer@6.0.0:
    dependencies:
      '@exodus/bytes': 1.15.1
    transitivePeerDependencies:
      - '@noble/hashes'

  http-proxy-agent@7.0.2:
    dependencies:
      agent-base: 7.1.4
      debug: 4.4.3
    transitivePeerDependencies:
      - supports-color

  https-proxy-agent@7.0.6:
    dependencies:
      agent-base: 7.1.4
      debug: 4.4.3
    transitivePeerDependencies:
      - supports-color

  is-potential-custom-element-name@1.0.1: {}

  jsdom@27.4.0:
    dependencies:
      '@acemir/cssom': 0.9.31
      '@asamuzakjp/dom-selector': 6.8.1
      '@exodus/bytes': 1.15.1
      cssstyle: 5.3.7
      data-urls: 6.0.1
      decimal.js: 10.6.0
      html-encoding-sniffer: 6.0.0
      http-proxy-agent: 7.0.2
      https-proxy-agent: 7.0.6
      is-potential-custom-element-name: 1.0.1
      parse5: 8.0.1
      saxes: 6.0.0
      symbol-tree: 3.2.4
      tough-cookie: 6.0.2
      w3c-xmlserializer: 5.0.0
      webidl-conversions: 8.0.1
      whatwg-mimetype: 4.0.0
      whatwg-url: 15.1.0
      ws: 8.21.3
      xml-name-validator: 5.0.0
    transitivePeerDependencies:
      - '@noble/hashes'
      - bufferutil
      - supports-color
      - utf-8-validate

  lru-cache@11.5.2: {}

  mdn-data@2.27.1: {}

  ms@2.1.3: {}

  parse5@8.0.1:
    dependencies:
      entities: 8.1.0

  punycode@2.3.1: {}

  require-from-string@2.0.2: {}

  saxes@6.0.0:
    dependencies:
      xmlchars: 2.2.0

  source-map-js@1.2.1: {}

  symbol-tree@3.2.4: {}

  tldts-core@7.4.12: {}

  tldts@7.4.12:
    dependencies:
      tldts-core: 7.4.12

  tough-cookie@6.0.2:
    dependencies:
      tldts: 7.4.12

  tr46@6.0.0:
    dependencies:
      punycode: 2.3.1

  typescript@5.9.3: {}

  undici-types@6.21.0: {}

  w3c-xmlserializer@5.0.0:
    dependencies:
      xml-name-validator: 5.0.0

  webidl-conversions@8.0.1: {}

  whatwg-mimetype@4.0.0: {}

  whatwg-mimetype@5.0.0: {}

  whatwg-url@15.1.0:
    dependencies:
      tr46: 6.0.0
      webidl-conversions: 8.0.1

  ws@8.21.3: {}

  xml-name-validator@5.0.0: {}

  xmlchars@2.2.0: {}

  zod@4.5.4: {}
